Microsoft Visual Studio Solution File, Format Version 12.00
# Visual Studio 2012
Project("{FAE04EC0-301F-11D3-BF4B-00C04F79EFBC}") = "Aphid Festival", "Aphid Festival.csproj", "{ED1868A4-CD8D-42C3-9346-B3CF70B906F2}"
EndProject
Global
	GlobalSection(SolutionConfigurationPlatforms) = preSolution
	Debug|Any CPU = Debug|Any CPU
	ExportDebug|Any CPU = ExportDebug|Any CPU
	ExportRelease|Any CPU = ExportRelease|Any CPU
	EndGlobalSection
	GlobalSection(ProjectConfigurationPlatforms) = postSolution
		{ED1868A4-CD8D-42C3-9346-B3CF70B906F2}.Debug|Any CPU.ActiveCfg = Debug|Any CPU
		{ED1868A4-CD8D-42C3-9346-B3CF70B906F2}.Debug|Any CPU.Build.0 = Debug|Any CPU
		{ED1868A4-CD8D-42C3-9346-B3CF70B906F2}.ExportDebug|Any CPU.ActiveCfg = ExportDebug|Any CPU
		{ED1868A4-CD8D-42C3-9346-B3CF70B906F2}.ExportDebug|Any CPU.Build.0 = ExportDebug|Any CPU
		{ED1868A4-CD8D-42C3-9346-B3CF70B906F2}.ExportRelease|Any CPU.ActiveCfg = ExportRelease|Any CPU
		{ED1868A4-CD8D-42C3-9346-B3CF70B906F2}.ExportRelease|Any CPU.Build.0 = ExportRelease|Any CPU
	EndGlobalSection
EndGlobal
